
Microsoft Visual Studio Solution File, Format Version 12.00
# Visual Studio Version 17
VisualStudioVersion = 17.3.32819.101
MinimumVisualStudioVersion = 10.0.40219.1
Project("{FAE04EC0-301F-11D3-BF4B-00C04F79EFBC}") = "Celikoor_Tixycket", "Celikoor_Tixycket\Celikoor_Tixycket.csproj", "{3E58CFFF-3508-495B-B06B-7249D4E6A4AE}"
EndProject
Project("{FAE04EC0-301F-11D3-BF4B-00C04F79EFBC}") = "Celikoor_LIB", "Celikoor_LIB\Celikoor_LIB.csproj", "{88592E23-3F49-4F8B-885A-71DFCFE7BC84}"
EndProject
Global
	GlobalSection(SolutionConfigurationPlatforms) = preSolution
		Debug|Any CPU = Debug|Any CPU
		Release|Any CPU = Release|Any CPU
	EndGlobalSection
	GlobalSection(ProjectConfigurationPlatforms) = postSolution
		{3E58CFFF-3508-495B-B06B-7249D4E6A4AE}.Debug|Any CPU.ActiveCfg = Debug|Any CPU
		{3E58CFFF-3508-495B-B06B-7249D4E6A4AE}.Debug|Any CPU.Build.0 = Debug|Any CPU
		{3E58CFFF-3508-495B-B06B-7249D4E6A4AE}.Release|Any CPU.ActiveCfg = Release|Any CPU
		{3E58CFFF-3508-495B-B06B-7249D4E6A4AE}.Release|Any CPU.Build.0 = Release|Any CPU
		{88592E23-3F49-4F8B-885A-71DFCFE7BC84}.Debug|Any CPU.ActiveCfg = Debug|Any CPU
		{88592E23-3F49-4F8B-885A-71DFCFE7BC84}.Debug|Any CPU.Build.0 = Debug|Any CPU
		{88592E23-3F49-4F8B-885A-71DFCFE7BC84}.Release|Any CPU.ActiveCfg = Release|Any CPU
		{88592E23-3F49-4F8B-885A-71DFCFE7BC84}.Release|Any CPU.Build.0 = Release|Any CPU
	EndGlobalSection
	GlobalSection(SolutionProperties) = preSolution
		HideSolutionNode = FALSE
	EndGlobalSection
	GlobalSection(ExtensibilityGlobals) = postSolution
		SolutionGuid = {0D5A8D8F-353F-4414-B648-D906E463462D}
	EndGlobalSection
EndGlobal
